# This file is automatically @generated by Cargo.
# It is not intended for manual editing.
[[package]]
name = "byteorder"
version = "1.3.1"
source = "registry+https://github.com/rust-lang/crates.io-index"

[[package]]
name = "iodine-rs"
version = "0.1.0"
dependencies = [
 "byteorder 1.3.1 (registry+https://github.com/rust-lang/crates.io-index)",
 "iodine-runtime 0.1.0",
 "leb128 0.2.3 (registry+https://github.com/rust-lang/crates.io-index)",
]

[[package]]
name = "iodine-runtime"
version = "0.1.0"

[[package]]
name = "leb128"
version = "0.2.3"
source = "registry+https://github.com/rust-lang/crates.io-index"

[metadata]
"checksum byteorder 1.3.1 (registry+https://github.com/rust-lang/crates.io-index)" = "a019b10a2a7cdeb292db131fc8113e57ea2a908f6e7894b0c3c671893b65dbeb"
"checksum leb128 0.2.3 (registry+https://github.com/rust-lang/crates.io-index)" = "667858d20b00532d1f54049323beb1e352df59664d16aa9c2de8a9e257d1e994"
